// !$*UTF8*$!
{
	archiveVersion = 1;
	classes = {
	};
	objectVersion = 56;
	objects = {

/* Begin PBXBuildFile section */
		D73C7FB12B23BF5D00E47197 /* Ash.swift in Sources */ = {isa = PBXBuildFile; fileRef = D73C7FB02B23BF5D00E47197 /* Ash.swift */; };
		D73C7FB32B23EBAE00E47197 /* AttackButtonView.swift in Sources */ = {isa = PBXBuildFile; fileRef = D73C7FB22B23EBAE00E47197 /* AttackButtonView.swift */; };
		D73C7FB52B24F16E00E47197 /* HealthBarView.swift in Sources */ = {isa = PBXBuildFile; fileRef = D73C7FB42B24F16E00E47197 /* HealthBarView.swift */; };
		D74CCB742B215C640054BC1E /* Character.swift in Sources */ = {isa = PBXBuildFile; fileRef = D74CCB732B215C640054BC1E /* Character.swift */; };
		D74CCB762B216A930054BC1E /* Helpers.swift in Sources */ = {isa = PBXBuildFile; fileRef = D74CCB752B216A930054BC1E /* Helpers.swift */; };
		D74CCB782B21880E0054BC1E /* HitBox.swift in Sources */ = {isa = PBXBuildFile; fileRef = D74CCB772B21880E0054BC1E /* HitBox.swift */; };
		D74CCB7A2B2188A50054BC1E /* Map.swift in Sources */ = {isa = PBXBuildFile; fileRef = D74CCB792B2188A50054BC1E /* Map.swift */; };
		D765FC5F2B3B6E670063F78E /* ContentView.swift in Sources */ = {isa = PBXBuildFile; fileRef = D765FC5E2B3B6E670063F78E /* ContentView.swift */; };
		D769248C2B1D3B13001ED4FD /* GameApp.swift in Sources */ = {isa = PBXBuildFile; fileRef = D769248B2B1D3B13001ED4FD /* GameApp.swift */; };
		D769248E2B1D3B13001ED4FD /* Game.swift in Sources */ = {isa = PBXBuildFile; fileRef = D769248D2B1D3B13001ED4FD /* Game.swift */; };
		D76924902B1D3B14001ED4FD /* Assets.xcassets in Resources */ = {isa = PBXBuildFile; fileRef = D769248F2B1D3B14001ED4FD /* Assets.xcassets */; };
		D76924932B1D3B14001ED4FD /* Preview Assets.xcassets in Resources */ = {isa = PBXBuildFile; fileRef = D76924922B1D3B14001ED4FD /* Preview Assets.xcassets */; };
		D769249A2B1D4325001ED4FD /* JoyStickView.swift in Sources */ = {isa = PBXBuildFile; fileRef = D76924992B1D4325001ED4FD /* JoyStickView.swift */; };
/* End PBXBuildFile section */

/* Begin PBXFileReference section */
		D73C7FB02B23BF5D00E47197 /* Ash.swift */ = {isa = PBXFileReference; lastKnownFileType = sourcecode.swift; path = Ash.swift; sourceTree = "<group>"; };
		D73C7FB22B23EBAE00E47197 /* AttackButtonView.swift */ = {isa = PBXFileReference; lastKnownFileType = sourcecode.swift; path = AttackButtonView.swift; sourceTree = "<group>"; };
		D73C7FB42B24F16E00E47197 /* HealthBarView.swift */ = {isa = PBXFileReference; lastKnownFileType = sourcecode.swift; path = HealthBarView.swift; sourceTree = "<group>"; };
		D74CCB732B215C640054BC1E /* Character.swift */ = {isa = PBXFileReference; lastKnownFileType = sourcecode.swift; path = Character.swift; sourceTree = "<group>"; };
		D74CCB752B216A930054BC1E /* Helpers.swift */ = {isa = PBXFileReference; lastKnownFileType = sourcecode.swift; path = Helpers.swift; sourceTree = "<group>"; };
		D74CCB772B21880E0054BC1E /* HitBox.swift */ = {isa = PBXFileReference; lastKnownFileType = sourcecode.swift; path = HitBox.swift; sourceTree = "<group>"; };
		D74CCB792B2188A50054BC1E /* Map.swift */ = {isa = PBXFileReference; lastKnownFileType = sourcecode.swift; path = Map.swift; sourceTree = "<group>"; };
		D765FC5E2B3B6E670063F78E /* ContentView.swift */ = {isa = PBXFileReference; lastKnownFileType = sourcecode.swift; path = ContentView.swift; sourceTree = "<group>"; };
		D76924882B1D3B13001ED4FD /* Game.app */ = {isa = PBXFileReference; explicitFileType = wrapper.application; includeInIndex = 0; path = Game.app; sourceTree = BUILT_PRODUCTS_DIR; };
		D769248B2B1D3B13001ED4FD /* GameApp.swift */ = {isa = PBXFileReference; lastKnownFileType = sourcecode.swift; path = GameApp.swift; sourceTree = "<group>"; };
		D769248D2B1D3B13001ED4FD /* Game.swift */ = {isa = PBXFileReference; lastKnownFileType = sourcecode.swift; path = Game.swift; sourceTree = "<group>"; };
		D769248F2B1D3B14001ED4FD /* Assets.xcassets */ = {isa = PBXFileReference; lastKnownFileType = folder.assetcatalog; path = Assets.xcassets; sourceTree = "<group>"; };
		D76924922B1D3B14001ED4FD /* Preview Assets.xcassets */ = {isa = PBXFileReference; lastKnownFileType = folder.assetcatalog; path = "Preview Assets.xcassets"; sourceTree = "<group>"; };
		D76924992B1D4325001ED4FD /* JoyStickView.swift */ = {isa = PBXFileReference; lastKnownFileType = sourcecode.swift; path = JoyStickView.swift; sourceTree = "<group>"; };
/* End PBXFileReference section */

/* Begin PBXFrameworksBuildPhase section */
		D76924852B1D3B13001ED4FD /* Frameworks */ = {
			isa = PBXFrameworksBuildPhase;
			buildActionMask = 2147483647;
			files = (
			);
			runOnlyForDeploymentPostprocessing = 0;
		};
/* End PBXFrameworksBuildPhase section */

/* Begin PBXGroup section */
		D769247F2B1D3B13001ED4FD = {
			isa = PBXGroup;
			children = (
				D769248A2B1D3B13001ED4FD /* Game */,
				D76924892B1D3B13001ED4FD /* Products */,
			);
			sourceTree = "<group>";
		};
		D76924892B1D3B13001ED4FD /* Products */ = {
			isa = PBXGroup;
			children = (
				D76924882B1D3B13001ED4FD /* Game.app */,
			);
			name = Products;
			sourceTree = "<group>";
		};
		D769248A2B1D3B13001ED4FD /* Game */ = {
			isa = PBXGroup;
			children = (
				D769248B2B1D3B13001ED4FD /* GameApp.swift */,
				D769248D2B1D3B13001ED4FD /* Game.swift */,
				D765FC5E2B3B6E670063F78E /* ContentView.swift */,
				D73C7FB42B24F16E00E47197 /* HealthBarView.swift */,
				D74CCB792B2188A50054BC1E /* Map.swift */,
				D74CCB772B21880E0054BC1E /* HitBox.swift */,
				D74CCB752B216A930054BC1E /* Helpers.swift */,
				D74CCB732B215C640054BC1E /* Character.swift */,
				D73C7FB22B23EBAE00E47197 /* AttackButtonView.swift */,
				D73C7FB02B23BF5D00E47197 /* Ash.swift */,
				D76924992B1D4325001ED4FD /* JoyStickView.swift */,
				D769248F2B1D3B14001ED4FD /* Assets.xcassets */,
				D76924912B1D3B14001ED4FD /* Preview Content */,
			);
			path = Game;
			sourceTree = "<group>";
		};
		D76924912B1D3B14001ED4FD /* Preview Content */ = {
			isa = PBXGroup;
			children = (
				D76924922B1D3B14001ED4FD /* Preview Assets.xcassets */,
			);
			path = "Preview Content";
			sourceTree = "<group>";
		};
/* End PBXGroup section */

/* Begin PBXNativeTarget section */
		D76924872B1D3B13001ED4FD /* Game */ = {
			isa = PBXNativeTarget;
			buildConfigurationList = D76924962B1D3B14001ED4FD /* Build configuration list for PBXNativeTarget "Game" */;
			buildPhases = (
				D76924842B1D3B13001ED4FD /* Sources */,
				D76924852B1D3B13001ED4FD /* Frameworks */,
				D76924862B1D3B13001ED4FD /* Resources */,
			);
			buildRules = (
			);
			dependencies = (
			);
			name = Game;
			productName = Game;
			productReference = D76924882B1D3B13001ED4FD /* Game.app */;
			productType = "com.apple.product-type.application";
		};
/* End PBXNativeTarget section */

/* Begin PBXProject section */
		D76924802B1D3B13001ED4FD /* Project object */ = {
			isa = PBXProject;
			attributes = {
				BuildIndependentTargetsInParallel = 1;
				LastSwiftUpdateCheck = 1500;
				LastUpgradeCheck = 1500;
				TargetAttributes = {
					D76924872B1D3B13001ED4FD = {
						CreatedOnToolsVersion = 15.0;
					};
				};
			};
			buildConfigurationList = D76924832B1D3B13001ED4FD /* Build configuration list for PBXProject "Game" */;
			compatibilityVersion = "Xcode 14.0";
			developmentRegion = en;
			hasScannedForEncodings = 0;
			knownRegions = (
				en,
				Base,
			);
			mainGroup = D769247F2B1D3B13001ED4FD;
			productRefGroup = D76924892B1D3B13001ED4FD /* Products */;
			projectDirPath = "";
			projectRoot = "";
			targets = (
				D76924872B1D3B13001ED4FD /* Game */,
			);
		};
/* End PBXProject section */

/* Begin PBXResourcesBuildPhase section */
		D76924862B1D3B13001ED4FD /* Resources */ = {
			isa = PBXResourcesBuildPhase;
			buildActionMask = 2147483647;
			files = (
				D76924932B1D3B14001ED4FD /* Preview Assets.xcassets in Resources */,
				D76924902B1D3B14001ED4FD /* Assets.xcassets in Resources */,
			);
			runOnlyForDeploymentPostprocessing = 0;
		};
/* End PBXResourcesBuildPhase section */

/* Begin PBXSourcesBuildPhase section */
		D76924842B1D3B13001ED4FD /* Sources */ = {
			isa = PBXSourcesBuildPhase;
			buildActionMask = 2147483647;
			files = (
				D73C7FB12B23BF5D00E47197 /* Ash.swift in Sources */,
				D765FC5F2B3B6E670063F78E /* ContentView.swift in Sources */,
				D769248E2B1D3B13001ED4FD /* Game.swift in Sources */,
				D769248C2B1D3B13001ED4FD /* GameApp.swift in Sources */,
				D769249A2B1D4325001ED4FD /* JoyStickView.swift in Sources */,
				D74CCB7A2B2188A50054BC1E /* Map.swift in Sources */,
				D74CCB782B21880E0054BC1E /* HitBox.swift in Sources */,
				D74CCB762B216A930054BC1E /* Helpers.swift in Sources */,
				D74CCB742B215C640054BC1E /* Character.swift in Sources */,
				D73C7FB52B24F16E00E47197 /* HealthBarView.swift in Sources */,
				D73C7FB32B23EBAE00E47197 /* AttackButtonView.swift in Sources */,
			);
			runOnlyForDeploymentPostprocessing = 0;
		};
/* End PBXSourcesBuildPhase section */

/* Begin XCBuildConfiguration section */
		D76924942B1D3B14001ED4FD /* Debug */ = {
			isa = XCBuildConfiguration;
			buildSettings = {
				ALWAYS_SEARCH_USER_PATHS = NO;
				ASSETCATALOG_COMPILER_GENERATE_SWIFT_ASSET_SYMBOL_EXTENSIONS = YES;
				CLANG_ANALYZER_NONNULL = YES;
				CLANG_ANALYZER_NUMBER_OBJECT_CONVERSION = YES_AGGRESSIVE;
				CLANG_CXX_LANGUAGE_STANDARD = "gnu++20";
				CLANG_ENABLE_MODULES = YES;
				CLANG_ENABLE_OBJC_ARC = YES;
				CLANG_ENABLE_OBJC_WEAK = YES;
				CLANG_WARN_BLOCK_CAPTURE_AUTORELEASING = YES;
				CLANG_WARN_BOOL_CONVERSION = YES;
				CLANG_WARN_COMMA = YES;
				CLANG_WARN_CONSTANT_CONVERSION = YES;
				CLANG_WARN_DEPRECATED_OBJC_IMPLEMENTATIONS = YES;
				CLANG_WARN_DIRECT_OBJC_ISA_USAGE = YES_ERROR;
				CLANG_WARN_DOCUMENTATION_COMMENTS = YES;
				CLANG_WARN_EMPTY_BODY = YES;
				CLANG_WARN_ENUM_CONVERSION = YES;
				CLANG_WARN_INFINITE_RECURSION = YES;
				CLANG_WARN_INT_CONVERSION = YES;
				CLANG_WARN_NON_LITERAL_NULL_CONVERSION = YES;
				CLANG_WARN_OBJC_IMPLICIT_RETAIN_SELF = YES;
				CLANG_WARN_OBJC_LITERAL_CONVERSION = YES;
				CLANG_WARN_OBJC_ROOT_CLASS = YES_ERROR;
				CLANG_WARN_QUOTED_INCLUDE_IN_FRAMEWORK_HEADER = YES;
				CLANG_WARN_RANGE_LOOP_ANALYSIS = YES;
				CLANG_WARN_STRICT_PROTOTYPES = YES;
				CLANG_WARN_SUSPICIOUS_MOVE = YES;
				CLANG_WARN_UNGUARDED_AVAILABILITY = YES_AGGRESSIVE;
				CLANG_WARN_UNREACHABLE_CODE = YES;
				CLANG_WARN__DUPLICATE_METHOD_MATCH = YES;
				COPY_PHASE_STRIP = NO;
				DEBUG_INFORMATION_FORMAT = dwarf;
				ENABLE_STRICT_OBJC_MSGSEND = YES;
				ENABLE_TESTABILITY = YES;
				ENABLE_USER_SCRIPT_SANDBOXING = YES;
				GCC_C_LANGUAGE_STANDARD = gnu17;
				GCC_DYNAMIC_NO_PIC = NO;
				GCC_NO_COMMON_BLOCKS = YES;
				GCC_OPTIMIZATION_LEVEL = 0;
				GCC_PREPROCESSOR_DEFINITIONS = (
					"DEBUG=1",
					"$(inherited)",
				);
				GCC_WARN_64_TO_32_BIT_CONVERSION = YES;
				GCC_WARN_ABOUT_RETURN_TYPE = YES_ERROR;
				GCC_WARN_UNDECLARED_SELECTOR = YES;
				GCC_WARN_UNINITIALIZED_AUTOS = YES_AGGRESSIVE;
				GCC_WARN_UNUSED_FUNCTION = YES;
				GCC_WARN_UNUSED_VARIABLE = YES;
				IPHONEOS_DEPLOYMENT_TARGET = 17.0;
				LOCALIZATION_PREFERS_STRING_CATALOGS = YES;
				MTL_ENABLE_DEBUG_INFO = INCLUDE_SOURCE;
				MTL_FAST_MATH = YES;
				ONLY_ACTIVE_ARCH = YES;
				SDKROOT = iphoneos;
				SWIFT_ACTIVE_COMPILATION_CONDITIONS = "DEBUG $(inherited)";
				SWIFT_OPTIMIZATION_LEVEL = "-Onone";
			};
			name = Debug;
		};
		D76924952B1D3B14001ED4FD /* Release */ = {
			isa = XCBuildConfiguration;
			buildSettings = {
				ALWAYS_SEARCH_USER_PATHS = NO;
				ASSETCATALOG_COMPILER_GENERATE_SWIFT_ASSET_SYMBOL_EXTENSIONS = YES;
				CLANG_ANALYZER_NONNULL = YES;
				CLANG_ANALYZER_NUMBER_OBJECT_CONVERSION = YES_AGGRESSIVE;
				CLANG_CXX_LANGUAGE_STANDARD = "gnu++20";
				CLANG_ENABLE_MODULES = YES;
				CLANG_ENABLE_OBJC_ARC = YES;
				CLANG_ENABLE_OBJC_WEAK = YES;
				CLANG_WARN_BLOCK_CAPTURE_AUTORELEASING = YES;
				CLANG_WARN_BOOL_CONVERSION = YES;
				CLANG_WARN_COMMA = YES;
				CLANG_WARN_CONSTANT_CONVERSION = YES;
				CLANG_WARN_DEPRECATED_OBJC_IMPLEMENTATIONS = YES;
				CLANG_WARN_DIRECT_OBJC_ISA_USAGE = YES_ERROR;
				CLANG_WARN_DOCUMENTATION_COMMENTS = YES;
				CLANG_WARN_EMPTY_BODY = YES;
				CLANG_WARN_ENUM_CONVERSION = YES;
				CLANG_WARN_INFINITE_RECURSION = YES;
				CLANG_WARN_INT_CONVERSION = YES;
				CLANG_WARN_NON_LITERAL_NULL_CONVERSION = YES;
				CLANG_WARN_OBJC_IMPLICIT_RETAIN_SELF = YES;
				CLANG_WARN_OBJC_LITERAL_CONVERSION = YES;
				CLANG_WARN_OBJC_ROOT_CLASS = YES_ERROR;
				CLANG_WARN_QUOTED_INCLUDE_IN_FRAMEWORK_HEADER = YES;
				CLANG_WARN_RANGE_LOOP_ANALYSIS = YES;
				CLANG_WARN_STRICT_PROTOTYPES = YES;
				CLANG_WARN_SUSPICIOUS_MOVE = YES;
				CLANG_WARN_UNGUARDED_AVAILABILITY = YES_AGGRESSIVE;
				CLANG_WARN_UNREACHABLE_CODE = YES;
				CLANG_WARN__DUPLICATE_METHOD_MATCH = YES;
				COPY_PHASE_STRIP = NO;
				DEBUG_INFORMATION_FORMAT = "dwarf-with-dsym";
				ENABLE_NS_ASSERTIONS = NO;
				ENABLE_STRICT_OBJC_MSGSEND = YES;
				ENABLE_USER_SCRIPT_SANDBOXING = YES;
				GCC_C_LANGUAGE_STANDARD = gnu17;
				GCC_NO_COMMON_BLOCKS = YES;
				GCC_WARN_64_TO_32_BIT_CONVERSION = YES;
				GCC_WARN_ABOUT_RETURN_TYPE = YES_ERROR;
				GCC_WARN_UNDECLARED_SELECTOR = YES;
				GCC_WARN_UNINITIALIZED_AUTOS = YES_AGGRESSIVE;
				GCC_WARN_UNUSED_FUNCTION = YES;
				GCC_WARN_UNUSED_VARIABLE = YES;
				IPHONEOS_DEPLOYMENT_TARGET = 17.0;
				LOCALIZATION_PREFERS_STRING_CATALOGS = YES;
				MTL_ENABLE_DEBUG_INFO = NO;
				MTL_FAST_MATH = YES;
				SDKROOT = iphoneos;
				SWIFT_COMPILATION_MODE = wholemodule;
				VALIDATE_PRODUCT = YES;
			};
			name = Release;
		};
		D76924972B1D3B14001ED4FD /* Debug */ = {
			isa = XCBuildConfiguration;
			buildSettings = {
				ASSETCATALOG_COMPILER_APPICON_NAME = AppIcon;
				ASSETCATALOG_COMPILER_GLOBAL_ACCENT_COLOR_NAME = AccentColor;
				CODE_SIGN_STYLE = Automatic;
				CURRENT_PROJECT_VERSION = 1;
				DEVELOPMENT_ASSET_PATHS = "\"Game/Preview Content\"";
				DEVELOPMENT_TEAM = C79NGLLA9C;
				ENABLE_PREVIEWS = YES;
				GENERATE_INFOPLIST_FILE = YES;
				INFOPLIST_KEY_UIApplicationSceneManifest_Generation = YES;
				INFOPLIST_KEY_UIApplicationSupportsIndirectInputEvents = YES;
				INFOPLIST_KEY_UILaunchScreen_Generation = YES;
				INFOPLIST_KEY_UISupportedInterfaceOrientations_iPad = "UIInterfaceOrientationPortrait UIInterfaceOrientationPortraitUpsideDown UIInterfaceOrientationLandscapeLeft UIInterfaceOrientationLandscapeRight";
				INFOPLIST_KEY_UISupportedInterfaceOrientations_iPhone = "UIInterfaceOrientationPortrait UIInterfaceOrientationLandscapeLeft UIInterfaceOrientationLandscapeRight";
				IPHONEOS_DEPLOYMENT_TARGET = 17.0;
				LD_RUNPATH_SEARCH_PATHS = (
					"$(inherited)",
					"@executable_path/Frameworks",
				);
				MARKETING_VERSION = 1.0;
				PRODUCT_BUNDLE_IDENTIFIER = trevorclute.Game;
				PRODUCT_NAME = "$(TARGET_NAME)";
				SWIFT_EMIT_LOC_STRINGS = YES;
				SWIFT_VERSION = 5.0;
				TARGETED_DEVICE_FAMILY = "1,2";
			};
			name = Debug;
		};
		D76924982B1D3B14001ED4FD /* Release */ = {
			isa = XCBuildConfiguration;
			buildSettings = {
				ASSETCATALOG_COMPILER_APPICON_NAME = AppIcon;
				ASSETCATALOG_COMPILER_GLOBAL_ACCENT_COLOR_NAME = AccentColor;
				CODE_SIGN_STYLE = Automatic;
				CURRENT_PROJECT_VERSION = 1;
				DEVELOPMENT_ASSET_PATHS = "\"Game/Preview Content\"";
				DEVELOPMENT_TEAM = C79NGLLA9C;
				ENABLE_PREVIEWS = YES;
				GENERATE_INFOPLIST_FILE = YES;
				INFOPLIST_KEY_UIApplicationSceneManifest_Generation = YES;
				INFOPLIST_KEY_UIApplicationSupportsIndirectInputEvents = YES;
				INFOPLIST_KEY_UILaunchScreen_Generation = YES;
				INFOPLIST_KEY_UISupportedInterfaceOrientations_iPad = "UIInterfaceOrientationPortrait UIInterfaceOrientationPortraitUpsideDown UIInterfaceOrientationLandscapeLeft UIInterfaceOrientationLandscapeRight";
				INFOPLIST_KEY_UISupportedInterfaceOrientations_iPhone = "UIInterfaceOrientationPortrait UIInterfaceOrientationLandscapeLeft UIInterfaceOrientationLandscapeRight";
				IPHONEOS_DEPLOYMENT_TARGET = 17.0;
				LD_RUNPATH_SEARCH_PATHS = (
					"$(inherited)",
					"@executable_path/Frameworks",
				);
				MARKETING_VERSION = 1.0;
				PRODUCT_BUNDLE_IDENTIFIER = trevorclute.Game;
				PRODUCT_NAME = "$(TARGET_NAME)";
				SWIFT_EMIT_LOC_STRINGS = YES;
				SWIFT_VERSION = 5.0;
				TARGETED_DEVICE_FAMILY = "1,2";
			};
			name = Release;
		};
/* End XCBuildConfiguration section */

/* Begin XCConfigurationList section */
		D76924832B1D3B13001ED4FD /* Build configuration list for PBXProject "Game" */ = {
			isa = XCConfigurationList;
			buildConfigurations = (
				D76924942B1D3B14001ED4FD /* Debug */,
				D76924952B1D3B14001ED4FD /* Release */,
			);
			defaultConfigurationIsVisible = 0;
			defaultConfigurationName = Release;
		};
		D76924962B1D3B14001ED4FD /* Build configuration list for PBXNativeTarget "Game" */ = {
			isa = XCConfigurationList;
			buildConfigurations = (
				D76924972B1D3B14001ED4FD /* Debug */,
				D76924982B1D3B14001ED4FD /* Release */,
			);
			defaultConfigurationIsVisible = 0;
			defaultConfigurationName = Release;
		};
/* End XCConfigurationList section */
	};
	rootObject = D76924802B1D3B13001ED4FD /* Project object */;
}
